
Microsoft Visual Studio Solution File, Format Version 12.00
# Visual Studio Version 16
VisualStudioVersion = 16.0.29728.190
MinimumVisualStudioVersion = 10.0.40219.1
Project("{FAE04EC0-301F-11D3-BF4B-00C04F79EFBC}") = "StarsWars-IG", "StarsWars-IG.csproj", "{EB961110-7C86-4A47-A8EB-E1BEDA8CA541}"
EndProject
Project("{FAE04EC0-301F-11D3-BF4B-00C04F79EFBC}") = "StarsWars-IG.Test", "StarsWars-IG.Test\StarsWars-IG.Test.csproj", "{DAD72C1F-A70D-4D0A-AAA9-E8EB8B488762}"
EndProject
Global
	GlobalSection(SolutionConfigurationPlatforms) = preSolution
		Debug|Any CPU = Debug|Any CPU
		Release|Any CPU = Release|Any CPU
	EndGlobalSection
	GlobalSection(ProjectConfigurationPlatforms) = postSolution
		{EB961110-7C86-4A47-A8EB-E1BEDA8CA541}.Debug|Any CPU.ActiveCfg = Debug|Any CPU
		{EB961110-7C86-4A47-A8EB-E1BEDA8CA541}.Debug|Any CPU.Build.0 = Debug|Any CPU
		{EB961110-7C86-4A47-A8EB-E1BEDA8CA541}.Release|Any CPU.ActiveCfg = Release|Any CPU
		{EB961110-7C86-4A47-A8EB-E1BEDA8CA541}.Release|Any CPU.Build.0 = Release|Any CPU
		{DAD72C1F-A70D-4D0A-AAA9-E8EB8B488762}.Debug|Any CPU.ActiveCfg = Debug|Any CPU
		{DAD72C1F-A70D-4D0A-AAA9-E8EB8B488762}.Debug|Any CPU.Build.0 = Debug|Any CPU
		{DAD72C1F-A70D-4D0A-AAA9-E8EB8B488762}.Release|Any CPU.ActiveCfg = Release|Any CPU
		{DAD72C1F-A70D-4D0A-AAA9-E8EB8B488762}.Release|Any CPU.Build.0 = Release|Any CPU
	EndGlobalSection
	GlobalSection(SolutionProperties) = preSolution
		HideSolutionNode = FALSE
	EndGlobalSection
	GlobalSection(ExtensibilityGlobals) = postSolution
		SolutionGuid = {5503254E-A80B-4105-A24E-5B1F0E40A7A9}
	EndGlobalSection
EndGlobal
